
Microsoft Visual Studio Solution File, Format Version 12.00
# Visual Studio Version 16
VisualStudioVersion = 16.0.30804.86
MinimumVisualStudioVersion = 10.0.40219.1
Project("{FAE04EC0-301F-11D3-BF4B-00C04F79EFBC}") = "Domain", "Domain\Domain.csproj", "{CF65A0DB-407D-4633-9E75-B5AEC5E4F7E3}"
EndProject
Project("{FAE04EC0-301F-11D3-BF4B-00C04F79EFBC}") = "Infrastructure", "Infrastructure\Infrastructure.csproj", "{57462BFA-5E74-4C36-A425-46CAF96CAB53}"
EndProject
Project("{FAE04EC0-301F-11D3-BF4B-00C04F79EFBC}") = "API", "API\API.csproj", "{5543378C-B261-49B1-84D9-D206E96F1DEF}"
EndProject
Global
	GlobalSection(SolutionConfigurationPlatforms) = preSolution
		Debug|Any CPU = Debug|Any CPU
		Release|Any CPU = Release|Any CPU
	EndGlobalSection
	GlobalSection(ProjectConfigurationPlatforms) = postSolution
		{CF65A0DB-407D-4633-9E75-B5AEC5E4F7E3}.Debug|Any CPU.ActiveCfg = Debug|Any CPU
		{CF65A0DB-407D-4633-9E75-B5AEC5E4F7E3}.Debug|Any CPU.Build.0 = Debug|Any CPU
		{CF65A0DB-407D-4633-9E75-B5AEC5E4F7E3}.Release|Any CPU.ActiveCfg = Release|Any CPU
		{CF65A0DB-407D-4633-9E75-B5AEC5E4F7E3}.Release|Any CPU.Build.0 = Release|Any CPU
		{57462BFA-5E74-4C36-A425-46CAF96CAB53}.Debug|Any CPU.ActiveCfg = Debug|Any CPU
		{57462BFA-5E74-4C36-A425-46CAF96CAB53}.Debug|Any CPU.Build.0 = Debug|Any CPU
		{57462BFA-5E74-4C36-A425-46CAF96CAB53}.Release|Any CPU.ActiveCfg = Release|Any CPU
		{57462BFA-5E74-4C36-A425-46CAF96CAB53}.Release|Any CPU.Build.0 = Release|Any CPU
		{5543378C-B261-49B1-84D9-D206E96F1DEF}.Debug|Any CPU.ActiveCfg = Debug|Any CPU
		{5543378C-B261-49B1-84D9-D206E96F1DEF}.Debug|Any CPU.Build.0 = Debug|Any CPU
		{5543378C-B261-49B1-84D9-D206E96F1DEF}.Release|Any CPU.ActiveCfg = Release|Any CPU
		{5543378C-B261-49B1-84D9-D206E96F1DEF}.Release|Any CPU.Build.0 = Release|Any CPU
	EndGlobalSection
	GlobalSection(SolutionProperties) = preSolution
		HideSolutionNode = FALSE
	EndGlobalSection
	GlobalSection(ExtensibilityGlobals) = postSolution
		SolutionGuid = {B0F37352-E208-49B2-BDFB-3B2367CBD5FC}
	EndGlobalSection
EndGlobal
